
Microsoft Visual Studio Solution File, Format Version 12.00
# Visual Studio Version 17
VisualStudioVersion = 17.6.33815.320
MinimumVisualStudioVersion = 10.0.40219.1
Project("{FAE04EC0-301F-11D3-BF4B-00C04F79EFBC}") = "STAMP2023", "STAMP2023\STAMP2023.csproj", "{39EF4F64-BD16-4E04-A32D-2F3FC1670F82}"
EndProject
Global
	GlobalSection(SolutionConfigurationPlatforms) = preSolution
		Debug|Any CPU = Debug|Any CPU
		Release|Any CPU = Release|Any CPU
	EndGlobalSection
	GlobalSection(ProjectConfigurationPlatforms) = postSolution
		{39EF4F64-BD16-4E04-A32D-2F3FC1670F82}.Debug|Any CPU.ActiveCfg = Debug|Any CPU
		{39EF4F64-BD16-4E04-A32D-2F3FC1670F82}.Debug|Any CPU.Build.0 = Debug|Any CPU
		{39EF4F64-BD16-4E04-A32D-2F3FC1670F82}.Release|Any CPU.ActiveCfg = Release|Any CPU
		{39EF4F64-BD16-4E04-A32D-2F3FC1670F82}.Release|Any CPU.Build.0 = Release|Any CPU
	EndGlobalSection
	GlobalSection(SolutionProperties) = preSolution
		HideSolutionNode = FALSE
	EndGlobalSection
	GlobalSection(ExtensibilityGlobals) = postSolution
		SolutionGuid = {20AFE5CF-D7EC-4111-B41B-580B8F965540}
	EndGlobalSection
EndGlobal
